// !$*UTF8*$!
{
	archiveVersion = 1;
	classes = {
	};
	objectVersion = 46;
	objects = {

/* Begin PBXBuildFile section */
		2763F9901EABBA8700C45520 /* AppDelegate.swift in Sources */ = {isa = PBXBuildFile; fileRef = 2763F98F1EABBA8700C45520 /* AppDelegate.swift */; };
		2763F9921EABBA8800C45520 /* ViewController.swift in Sources */ = {isa = PBXBuildFile; fileRef = 2763F9911EABBA8800C45520 /* ViewController.swift */; };
		2763F9951EABBA8800C45520 /* Main.storyboard in Resources */ = {isa = PBXBuildFile; fileRef = 2763F9931EABBA8800C45520 /* Main.storyboard */; };
		2763F9981EABBA8800C45520 /* pokedex.xcdatamodeld in Sources */ = {isa = PBXBuildFile; fileRef = 2763F9961EABBA8800C45520 /* pokedex.xcdatamodeld */; };
		2763F99A1EABBA8800C45520 /* Assets.xcassets in Resources */ = {isa = PBXBuildFile; fileRef = 2763F9991EABBA8800C45520 /* Assets.xcassets */; };
		2763F99D1EABBA8800C45520 /* LaunchScreen.storyboard in Resources */ = {isa = PBXBuildFile; fileRef = 2763F99B1EABBA8800C45520 /* LaunchScreen.storyboard */; };
		2763F9A51EABBEA500C45520 /* pokemon.csv in Resources */ = {isa = PBXBuildFile; fileRef = 2763F9A41EABBEA500C45520 /* pokemon.csv */; };
/* End PBXBuildFile section */

/* Begin PBXFileReference section */
		2763F98C1EABBA8700C45520 /* pokedex.app */ = {isa = PBXFileReference; explicitFileType = wrapper.application; includeInIndex = 0; path = pokedex.app; sourceTree = BUILT_PRODUCTS_DIR; };
		2763F98F1EABBA8700C45520 /* AppDelegate.swift */ = {isa = PBXFileReference; lastKnownFileType = sourcecode.swift; path = AppDelegate.swift; sourceTree = "<group>"; };
		2763F9911EABBA8800C45520 /* ViewController.swift */ = {isa = PBXFileReference; lastKnownFileType = sourcecode.swift; path = ViewController.swift; sourceTree = "<group>"; };
		2763F9941EABBA8800C45520 /* Base */ = {isa = PBXFileReference; lastKnownFileType = file.storyboard; name = Base; path = Base.lproj/Main.storyboard; sourceTree = "<group>"; };
		2763F9971EABBA8800C45520 /* pokedex.xcdatamodel */ = {isa = PBXFileReference; lastKnownFileType = wrapper.xcdatamodel; path = pokedex.xcdatamodel; sourceTree = "<group>"; };
		2763F9991EABBA8800C45520 /* Assets.xcassets */ = {isa = PBXFileReference; lastKnownFileType = folder.assetcatalog; path = Assets.xcassets; sourceTree = "<group>"; };
		2763F99C1EABBA8800C45520 /* Base */ = {isa = PBXFileReference; lastKnownFileType = file.storyboard; name = Base; path = Base.lproj/LaunchScreen.storyboard; sourceTree = "<group>"; };
		2763F99E1EABBA8800C45520 /* Info.plist */ = {isa = PBXFileReference; lastKnownFileType = text.plist.xml; path = Info.plist; sourceTree = "<group>"; };
		2763F9A41EABBEA500C45520 /* pokemon.csv */ = {isa = PBXFileReference; fileEncoding = 4; lastKnownFileType = text; path = pokemon.csv; sourceTree = "<group>"; };
/* End PBXFileReference section */

/* Begin PBXFrameworksBuildPhase section */
		2763F9891EABBA8700C45520 /* Frameworks */ = {
			isa = PBXFrameworksBuildPhase;
			buildActionMask = 2147483647;
			files = (
			);
			runOnlyForDeploymentPostprocessing = 0;
		};
/* End PBXFrameworksBuildPhase section */

/* Begin PBXGroup section */
		2763F9831EABBA8700C45520 = {
			isa = PBXGroup;
			children = (
				2763F98E1EABBA8700C45520 /* pokedex */,
				2763F98D1EABBA8700C45520 /* Products */,
			);
			sourceTree = "<group>";
		};
		2763F98D1EABBA8700C45520 /* Products */ = {
			isa = PBXGroup;
			children = (
				2763F98C1EABBA8700C45520 /* pokedex.app */,
			);
			name = Products;
			sourceTree = "<group>";
		};
		2763F98E1EABBA8700C45520 /* pokedex */ = {
			isa = PBXGroup;
			children = (
				2763F98F1EABBA8700C45520 /* AppDelegate.swift */,
				2763F9911EABBA8800C45520 /* ViewController.swift */,
				2763F9931EABBA8800C45520 /* Main.storyboard */,
				2763F9991EABBA8800C45520 /* Assets.xcassets */,
				2763F9A41EABBEA500C45520 /* pokemon.csv */,
				2763F99B1EABBA8800C45520 /* LaunchScreen.storyboard */,
				2763F99E1EABBA8800C45520 /* Info.plist */,
				2763F9961EABBA8800C45520 /* pokedex.xcdatamodeld */,
			);
			path = pokedex;
			sourceTree = "<group>";
		};
/* End PBXGroup section */

/* Begin PBXNativeTarget section */
		2763F98B1EABBA8700C45520 /* pokedex */ = {
			isa = PBXNativeTarget;
			buildConfigurationList = 2763F9A11EABBA8800C45520 /* Build configuration list for PBXNativeTarget "pokedex" */;
			buildPhases = (
				2763F9881EABBA8700C45520 /* Sources */,
				2763F9891EABBA8700C45520 /* Frameworks */,
				2763F98A1EABBA8700C45520 /* Resources */,
			);
			buildRules = (
			);
			dependencies = (
			);
			name = pokedex;
			productName = pokedex;
			productReference = 2763F98C1EABBA8700C45520 /* pokedex.app */;
			productType = "com.apple.product-type.application";
		};
/* End PBXNativeTarget section */

/* Begin PBXProject section */
		2763F9841EABBA8700C45520 /* Project object */ = {
			isa = PBXProject;
			attributes = {
				LastSwiftUpdateCheck = 0830;
				LastUpgradeCheck = 0830;
				ORGANIZATIONNAME = "Jeff Lingley";
				TargetAttributes = {
					2763F98B1EABBA8700C45520 = {
						CreatedOnToolsVersion = 8.3.1;
						DevelopmentTeam = MNZ4GQJW3C;
						ProvisioningStyle = Automatic;
					};
				};
			};
			buildConfigurationList = 2763F9871EABBA8700C45520 /* Build configuration list for PBXProject "pokedex" */;
			compatibilityVersion = "Xcode 3.2";
			developmentRegion = English;
			hasScannedForEncodings = 0;
			knownRegions = (
				en,
				Base,
			);
			mainGroup = 2763F9831EABBA8700C45520;
			productRefGroup = 2763F98D1EABBA8700C45520 /* Products */;
			projectDirPath = "";
			projectRoot = "";
			targets = (
				2763F98B1EABBA8700C45520 /* pokedex */,
			);
		};
/* End PBXProject section */

/* Begin PBXResourcesBuildPhase section */
		2763F98A1EABBA8700C45520 /* Resources */ = {
			isa = PBXResourcesBuildPhase;
			buildActionMask = 2147483647;
			files = (
				2763F99D1EABBA8800C45520 /* LaunchScreen.storyboard in Resources */,
				2763F99A1EABBA8800C45520 /* Assets.xcassets in Resources */,
				2763F9A51EABBEA500C45520 /* pokemon.csv in Resources */,
				2763F9951EABBA8800C45520 /* Main.storyboard in Resources */,
			);
			runOnlyForDeploymentPostprocessing = 0;
		};
/* End PBXResourcesBuildPhase section */

/* Begin PBXSourcesBuildPhase section */
		2763F9881EABBA8700C45520 /* Sources */ = {
			isa = PBXSourcesBuildPhase;
			buildActionMask = 2147483647;
			files = (
				2763F9981EABBA8800C45520 /* pokedex.xcdatamodeld in Sources */,
				2763F9921EABBA8800C45520 /* ViewController.swift in Sources */,
				2763F9901EABBA8700C45520 /* AppDelegate.swift in Sources */,
			);
			runOnlyForDeploymentPostprocessing = 0;
		};
/* End PBXSourcesBuildPhase section */

/* Begin PBXVariantGroup section */
		2763F9931EABBA8800C45520 /* Main.storyboard */ = {
			isa = PBXVariantGroup;
			children = (
				2763F9941EABBA8800C45520 /* Base */,
			);
			name = Main.storyboard;
			sourceTree = "<group>";
		};
		2763F99B1EABBA8800C45520 /* LaunchScreen.storyboard */ = {
			isa = PBXVariantGroup;
			children = (
				2763F99C1EABBA8800C45520 /* Base */,
			);
			name = LaunchScreen.storyboard;
			sourceTree = "<group>";
		};
/* End PBXVariantGroup section */

/* Begin XCBuildConfiguration section */
		2763F99F1EABBA8800C45520 /* Debug */ = {
			isa = XCBuildConfiguration;
			buildSettings = {
				ALWAYS_SEARCH_USER_PATHS = NO;
				CLANG_ANALYZER_NONNULL = YES;
				CLANG_ANALYZER_NUMBER_OBJECT_CONVERSION = YES_AGGRESSIVE;
				CLANG_CXX_LANGUAGE_STANDARD = "gnu++0x";
				CLANG_CXX_LIBRARY = "libc++";
				CLANG_ENABLE_MODULES = YES;
				CLANG_ENABLE_OBJC_ARC = YES;
				CLANG_WARN_BOOL_CONVERSION = YES;
				CLANG_WARN_CONSTANT_CONVERSION = YES;
				CLANG_WARN_DIRECT_OBJC_ISA_USAGE = YES_ERROR;
				CLANG_WARN_DOCUMENTATION_COMMENTS = YES;
				CLANG_WARN_EMPTY_BODY = YES;
				CLANG_WARN_ENUM_CONVERSION = YES;
				CLANG_WARN_INFINITE_RECURSION = YES;
				CLANG_WARN_INT_CONVERSION = YES;
				CLANG_WARN_OBJC_ROOT_CLASS = YES_ERROR;
				CLANG_WARN_SUSPICIOUS_MOVE = YES;
				CLANG_WARN_UNREACHABLE_CODE = YES;
				CLANG_WARN__DUPLICATE_METHOD_MATCH = YES;
				"CODE_SIGN_IDENTITY[sdk=iphoneos*]" = "iPhone Developer";
				COPY_PHASE_STRIP = NO;
				DEBUG_INFORMATION_FORMAT = dwarf;
				ENABLE_STRICT_OBJC_MSGSEND = YES;
				ENABLE_TESTABILITY = YES;
				GCC_C_LANGUAGE_STANDARD = gnu99;
				GCC_DYNAMIC_NO_PIC = NO;
				GCC_NO_COMMON_BLOCKS = YES;
				GCC_OPTIMIZATION_LEVEL = 0;
				GCC_PREPROCESSOR_DEFINITIONS = (
					"DEBUG=1",
					"$(inherited)",
				);
				GCC_WARN_64_TO_32_BIT_CONVERSION = YES;
				GCC_WARN_ABOUT_RETURN_TYPE = YES_ERROR;
				GCC_WARN_UNDECLARED_SELECTOR = YES;
				GCC_WARN_UNINITIALIZED_AUTOS = YES_AGGRESSIVE;
				GCC_WARN_UNUSED_FUNCTION = YES;
				GCC_WARN_UNUSED_VARIABLE = YES;
				IPHONEOS_DEPLOYMENT_TARGET = 10.3;
				MTL_ENABLE_DEBUG_INFO = YES;
				ONLY_ACTIVE_ARCH = YES;
				SDKROOT = iphoneos;
				SWIFT_ACTIVE_COMPILATION_CONDITIONS = DEBUG;
				SWIFT_OPTIMIZATION_LEVEL = "-Onone";
				TARGETED_DEVICE_FAMILY = "1,2";
			};
			name = Debug;
		};
		2763F9A01EABBA8800C45520 /* Release */ = {
			isa = XCBuildConfiguration;
			buildSettings = {
				ALWAYS_SEARCH_USER_PATHS = NO;
				CLANG_ANALYZER_NONNULL = YES;
				CLANG_ANALYZER_NUMBER_OBJECT_CONVERSION = YES_AGGRESSIVE;
				CLANG_CXX_LANGUAGE_STANDARD = "gnu++0x";
				CLANG_CXX_LIBRARY = "libc++";
				CLANG_ENABLE_MODULES = YES;
				CLANG_ENABLE_OBJC_ARC = YES;
				CLANG_WARN_BOOL_CONVERSION = YES;
				CLANG_WARN_CONSTANT_CONVERSION = YES;
				CLANG_WARN_DIRECT_OBJC_ISA_USAGE = YES_ERROR;
				CLANG_WARN_DOCUMENTATION_COMMENTS = YES;
				CLANG_WARN_EMPTY_BODY = YES;
				CLANG_WARN_ENUM_CONVERSION = YES;
				CLANG_WARN_INFINITE_RECURSION = YES;
				CLANG_WARN_INT_CONVERSION = YES;
				CLANG_WARN_OBJC_ROOT_CLASS = YES_ERROR;
				CLANG_WARN_SUSPICIOUS_MOVE = YES;
				CLANG_WARN_UNREACHABLE_CODE = YES;
				CLANG_WARN__DUPLICATE_METHOD_MATCH = YES;
				"CODE_SIGN_IDENTITY[sdk=iphoneos*]" = "iPhone Developer";
				COPY_PHASE_STRIP = NO;
				DEBUG_INFORMATION_FORMAT = "dwarf-with-dsym";
				ENABLE_NS_ASSERTIONS = NO;
				ENABLE_STRICT_OBJC_MSGSEND = YES;
				GCC_C_LANGUAGE_STANDARD = gnu99;
				GCC_NO_COMMON_BLOCKS = YES;
				GCC_WARN_64_TO_32_BIT_CONVERSION = YES;
				GCC_WARN_ABOUT_RETURN_TYPE = YES_ERROR;
				GCC_WARN_UNDECLARED_SELECTOR = YES;
				GCC_WARN_UNINITIALIZED_AUTOS = YES_AGGRESSIVE;
				GCC_WARN_UNUSED_FUNCTION = YES;
				GCC_WARN_UNUSED_VARIABLE = YES;
				IPHONEOS_DEPLOYMENT_TARGET = 10.3;
				MTL_ENABLE_DEBUG_INFO = NO;
				SDKROOT = iphoneos;
				SWIFT_OPTIMIZATION_LEVEL = "-Owholemodule";
				TARGETED_DEVICE_FAMILY = "1,2";
				VALIDATE_PRODUCT = YES;
			};
			name = Release;
		};
		2763F9A21EABBA8800C45520 /* Debug */ = {
			isa = XCBuildConfiguration;
			buildSettings = {
				ASSETCATALOG_COMPILER_APPICON_NAME = AppIcon;
				DEVELOPMENT_TEAM = MNZ4GQJW3C;
				INFOPLIST_FILE = pokedex/Info.plist;
				LD_RUNPATH_SEARCH_PATHS = "$(inherited) @executable_path/Frameworks";
				PRODUCT_BUNDLE_IDENTIFIER = "Jeff-Lingley.pokedex";
				PRODUCT_NAME = "$(TARGET_NAME)";
				SWIFT_VERSION = 3.0;
			};
			name = Debug;
		};
		2763F9A31EABBA8800C45520 /* Release */ = {
			isa = XCBuildConfiguration;
			buildSettings = {
				ASSETCATALOG_COMPILER_APPICON_NAME = AppIcon;
				DEVELOPMENT_TEAM = MNZ4GQJW3C;
				INFOPLIST_FILE = pokedex/Info.plist;
				LD_RUNPATH_SEARCH_PATHS = "$(inherited) @executable_path/Frameworks";
				PRODUCT_BUNDLE_IDENTIFIER = "Jeff-Lingley.pokedex";
				PRODUCT_NAME = "$(TARGET_NAME)";
				SWIFT_VERSION = 3.0;
			};
			name = Release;
		};
/* End XCBuildConfiguration section */

/* Begin XCConfigurationList section */
		2763F9871EABBA8700C45520 /* Build configuration list for PBXProject "pokedex" */ = {
			isa = XCConfigurationList;
			buildConfigurations = (
				2763F99F1EABBA8800C45520 /* Debug */,
				2763F9A01EABBA8800C45520 /* Release */,
			);
			defaultConfigurationIsVisible = 0;
			defaultConfigurationName = Release;
		};
		2763F9A11EABBA8800C45520 /* Build configuration list for PBXNativeTarget "pokedex" */ = {
			isa = XCConfigurationList;
			buildConfigurations = (
				2763F9A21EABBA8800C45520 /* Debug */,
				2763F9A31EABBA8800C45520 /* Release */,
			);
			defaultConfigurationIsVisible = 0;
		};
/* End XCConfigurationList section */

/* Begin XCVersionGroup section */
		2763F9961EABBA8800C45520 /* pokedex.xcdatamodeld */ = {
			isa = XCVersionGroup;
			children = (
				2763F9971EABBA8800C45520 /* pokedex.xcdatamodel */,
			);
			currentVersion = 2763F9971EABBA8800C45520 /* pokedex.xcdatamodel */;
			path = pokedex.xcdatamodeld;
			sourceTree = "<group>";
			versionGroupType = wrapper.xcdatamodel;
		};
/* End XCVersionGroup section */
	};
	rootObject = 2763F9841EABBA8700C45520 /* Project object */;
}
